
Microsoft Visual Studio Solution File, Format Version 12.00
# Visual Studio Version 16
VisualStudioVersion = 16.0.30611.23
MinimumVisualStudioVersion = 10.0.40219.1
Project("{FAE04EC0-301F-11D3-BF4B-00C04F79EFBC}") = "Lab4", "Lab4\Lab4.csproj", "{BB4E7C63-8A53-457D-B4E4-7447A49C86E2}"
EndProject
Global
	GlobalSection(SolutionConfigurationPlatforms) = preSolution
		Debug|Any CPU = Debug|Any CPU
		Release|Any CPU = Release|Any CPU
	EndGlobalSection
	GlobalSection(ProjectConfigurationPlatforms) = postSolution
		{BB4E7C63-8A53-457D-B4E4-7447A49C86E2}.Debug|Any CPU.ActiveCfg = Debug|Any CPU
		{BB4E7C63-8A53-457D-B4E4-7447A49C86E2}.Debug|Any CPU.Build.0 = Debug|Any CPU
		{BB4E7C63-8A53-457D-B4E4-7447A49C86E2}.Release|Any CPU.ActiveCfg = Release|Any CPU
		{BB4E7C63-8A53-457D-B4E4-7447A49C86E2}.Release|Any CPU.Build.0 = Release|Any CPU
	EndGlobalSection
	GlobalSection(SolutionProperties) = preSolution
		HideSolutionNode = FALSE
	EndGlobalSection
	GlobalSection(ExtensibilityGlobals) = postSolution
		SolutionGuid = {BD5D6B4C-6365-4411-B7DF-B39E76AFCA86}
	EndGlobalSection
EndGlobal
