
Microsoft Visual Studio Solution File, Format Version 12.00
# Visual Studio Version 16
VisualStudioVersion = 16.0.30611.23
MinimumVisualStudioVersion = 10.0.40219.1
Project("{FAE04EC0-301F-11D3-BF4B-00C04F79EFBC}") = "Lab5", "Lab5\Lab5.csproj", "{4B09CEE0-696B-4EBF-8DD5-1B7C664FD162}"
EndProject
Global
	GlobalSection(SolutionConfigurationPlatforms) = preSolution
		Debug|Any CPU = Debug|Any CPU
		Release|Any CPU = Release|Any CPU
	EndGlobalSection
	GlobalSection(ProjectConfigurationPlatforms) = postSolution
		{4B09CEE0-696B-4EBF-8DD5-1B7C664FD162}.Debug|Any CPU.ActiveCfg = Debug|Any CPU
		{4B09CEE0-696B-4EBF-8DD5-1B7C664FD162}.Debug|Any CPU.Build.0 = Debug|Any CPU
		{4B09CEE0-696B-4EBF-8DD5-1B7C664FD162}.Release|Any CPU.ActiveCfg = Release|Any CPU
		{4B09CEE0-696B-4EBF-8DD5-1B7C664FD162}.Release|Any CPU.Build.0 = Release|Any CPU
	EndGlobalSection
	GlobalSection(SolutionProperties) = preSolution
		HideSolutionNode = FALSE
	EndGlobalSection
	GlobalSection(ExtensibilityGlobals) = postSolution
		SolutionGuid = {69294714-A80B-4FAB-9495-0F431F04614C}
	EndGlobalSection
EndGlobal
